
Microsoft Visual Studio Solution File, Format Version 12.00
# Visual Studio Version 17
VisualStudioVersion = 17.8.34330.188
MinimumVisualStudioVersion = 10.0.40219.1
Project("{888888A0-9F3D-457C-B088-3A5042F75D52}") = "Hybrid-Worker", "Hybrid-Worker.pyproj", "{77523AB7-F4AB-48B0-83A0-5EE5452C9C90}"
EndProject
Global
	GlobalSection(SolutionConfigurationPlatforms) = preSolution
		Debug|Any CPU = Debug|Any CPU
		Release|Any CPU = Release|Any CPU
	EndGlobalSection
	GlobalSection(ProjectConfigurationPlatforms) = postSolution
		{77523AB7-F4AB-48B0-83A0-5EE5452C9C90}.Debug|Any CPU.ActiveCfg = Debug|Any CPU
		{77523AB7-F4AB-48B0-83A0-5EE5452C9C90}.Release|Any CPU.ActiveCfg = Release|Any CPU
	EndGlobalSection
	GlobalSection(SolutionProperties) = preSolution
		HideSolutionNode = FALSE
	EndGlobalSection
	GlobalSection(ExtensibilityGlobals) = postSolution
		SolutionGuid = {149D694B-826A-4B1D-B5CC-291EE966C8BC}
	EndGlobalSection
EndGlobal
